
Microsoft Visual Studio Solution File, Format Version 11.00
# Visual Studio 2010
Project("{FAE04EC0-301F-11D3-BF4B-00C04F79EFBC}") = "Nuitrack Test", "Assembly-CSharp.csproj", "{C0C624C9-C1E0-F94D-DD24-015100C8702E}"
EndProject
Project("{FAE04EC0-301F-11D3-BF4B-00C04F79EFBC}") = "Nuitrack Test", "Assembly-CSharp-Editor.csproj", "{A577FB31-B52A-47B9-5BD3-10B46AC76136}"
EndProject
Global
	GlobalSection(SolutionConfigurationPlatforms) = preSolution
		Debug|Any CPU = Debug|Any CPU
		Release|Any CPU = Release|Any CPU
	EndGlobalSection
	GlobalSection(ProjectConfigurationPlatforms) = postSolution
		{C0C624C9-C1E0-F94D-DD24-015100C8702E}.Debug|Any CPU.ActiveCfg = Debug|Any CPU
		{C0C624C9-C1E0-F94D-DD24-015100C8702E}.Debug|Any CPU.Build.0 = Debug|Any CPU
		{C0C624C9-C1E0-F94D-DD24-015100C8702E}.Release|Any CPU.ActiveCfg = Release|Any CPU
		{C0C624C9-C1E0-F94D-DD24-015100C8702E}.Release|Any CPU.Build.0 = Release|Any CPU
		{A577FB31-B52A-47B9-5BD3-10B46AC76136}.Debug|Any CPU.ActiveCfg = Debug|Any CPU
		{A577FB31-B52A-47B9-5BD3-10B46AC76136}.Debug|Any CPU.Build.0 = Debug|Any CPU
		{A577FB31-B52A-47B9-5BD3-10B46AC76136}.Release|Any CPU.ActiveCfg = Release|Any CPU
		{A577FB31-B52A-47B9-5BD3-10B46AC76136}.Release|Any CPU.Build.0 = Release|Any CPU
	EndGlobalSection
	GlobalSection(SolutionProperties) = preSolution
		HideSolutionNode = FALSE
	EndGlobalSection
	GlobalSection(MonoDevelopProperties) = preSolution
		StartupItem = Assembly-CSharp.csproj
	EndGlobalSection
EndGlobal
